
Microsoft Visual Studio Solution File, Format Version 12.00
# Visual Studio Version 16
VisualStudioVersion = 16.0.30225.117
MinimumVisualStudioVersion = 10.0.40219.1
Project("{9A19103F-16F7-4668-BE54-9A1E7A4F7556}") = "ll-zip", "ll-zip\ll-zip.csproj", "{28AF0DA4-6C1E-45F8-BEDE-ED73B31CD4BB}"
EndProject
Project("{FAE04EC0-301F-11D3-BF4B-00C04F79EFBC}") = "LLZipTest", "LLZipTest\LLZipTest.csproj", "{A62F4F39-6947-4276-9C8D-264A78E0F634}"
EndProject
Global
	GlobalSection(SolutionConfigurationPlatforms) = preSolution
		Debug|Any CPU = Debug|Any CPU
		Release|Any CPU = Release|Any CPU
	EndGlobalSection
	GlobalSection(ProjectConfigurationPlatforms) = postSolution
		{28AF0DA4-6C1E-45F8-BEDE-ED73B31CD4BB}.Debug|Any CPU.ActiveCfg = Debug|Any CPU
		{28AF0DA4-6C1E-45F8-BEDE-ED73B31CD4BB}.Debug|Any CPU.Build.0 = Debug|Any CPU
		{28AF0DA4-6C1E-45F8-BEDE-ED73B31CD4BB}.Release|Any CPU.ActiveCfg = Release|Any CPU
		{28AF0DA4-6C1E-45F8-BEDE-ED73B31CD4BB}.Release|Any CPU.Build.0 = Release|Any CPU
		{A62F4F39-6947-4276-9C8D-264A78E0F634}.Debug|Any CPU.ActiveCfg = Debug|Any CPU
		{A62F4F39-6947-4276-9C8D-264A78E0F634}.Debug|Any CPU.Build.0 = Debug|Any CPU
		{A62F4F39-6947-4276-9C8D-264A78E0F634}.Release|Any CPU.ActiveCfg = Release|Any CPU
		{A62F4F39-6947-4276-9C8D-264A78E0F634}.Release|Any CPU.Build.0 = Release|Any CPU
	EndGlobalSection
	GlobalSection(SolutionProperties) = preSolution
		HideSolutionNode = FALSE
	EndGlobalSection
	GlobalSection(ExtensibilityGlobals) = postSolution
		SolutionGuid = {0752C255-6D04-4B87-9EF8-DC7396476A69}
	EndGlobalSection
EndGlobal
