
Microsoft Visual Studio Solution File, Format Version 12.00
# Visual Studio Version 16
VisualStudioVersion = 16.0.30225.117
MinimumVisualStudioVersion = 10.0.40219.1
Project("{FAE04EC0-301F-11D3-BF4B-00C04F79EFBC}") = "MultiBracketValidation", "MultiBracketValidation\MultiBracketValidation.csproj", "{CCA40F43-B708-4733-89C9-2739D1E8808A}"
EndProject
Global
	GlobalSection(SolutionConfigurationPlatforms) = preSolution
		Debug|Any CPU = Debug|Any CPU
		Release|Any CPU = Release|Any CPU
	EndGlobalSection
	GlobalSection(ProjectConfigurationPlatforms) = postSolution
		{CCA40F43-B708-4733-89C9-2739D1E8808A}.Debug|Any CPU.ActiveCfg = Debug|Any CPU
		{CCA40F43-B708-4733-89C9-2739D1E8808A}.Debug|Any CPU.Build.0 = Debug|Any CPU
		{CCA40F43-B708-4733-89C9-2739D1E8808A}.Release|Any CPU.ActiveCfg = Release|Any CPU
		{CCA40F43-B708-4733-89C9-2739D1E8808A}.Release|Any CPU.Build.0 = Release|Any CPU
	EndGlobalSection
	GlobalSection(SolutionProperties) = preSolution
		HideSolutionNode = FALSE
	EndGlobalSection
	GlobalSection(ExtensibilityGlobals) = postSolution
		SolutionGuid = {7D8E7437-5B8B-4BFE-ACA0-80AAF1C2CE26}
	EndGlobalSection
EndGlobal
